
Microsoft Visual Studio Solution File, Format Version 12.00
# Visual Studio Version 16
VisualStudioVersion = 16.0.31025.194
MinimumVisualStudioVersion = 10.0.40219.1
Project("{FAE04EC0-301F-11D3-BF4B-00C04F79EFBC}") = "lab3", "lab3\lab3.csproj", "{D500CA87-2616-4592-A722-003950E650DA}"
EndProject
Global
	GlobalSection(SolutionConfigurationPlatforms) = preSolution
		Debug|Any CPU = Debug|Any CPU
		Release|Any CPU = Release|Any CPU
	EndGlobalSection
	GlobalSection(ProjectConfigurationPlatforms) = postSolution
		{D500CA87-2616-4592-A722-003950E650DA}.Debug|Any CPU.ActiveCfg = Debug|Any CPU
		{D500CA87-2616-4592-A722-003950E650DA}.Debug|Any CPU.Build.0 = Debug|Any CPU
		{D500CA87-2616-4592-A722-003950E650DA}.Release|Any CPU.ActiveCfg = Release|Any CPU
		{D500CA87-2616-4592-A722-003950E650DA}.Release|Any CPU.Build.0 = Release|Any CPU
	EndGlobalSection
	GlobalSection(SolutionProperties) = preSolution
		HideSolutionNode = FALSE
	EndGlobalSection
	GlobalSection(ExtensibilityGlobals) = postSolution
		SolutionGuid = {C01D08B3-26A3-4794-AC35-1E65292000EC}
	EndGlobalSection
EndGlobal
